// !$*UTF8*$!
{
	archiveVersion = 1;
	classes = {
	};
	objectVersion = 77;
	objects = {

/* Begin PBXBuildFile section */
		FA040F3A2DA5CB0D0000CB98 /* OpenAI in Frameworks */ = {isa = PBXBuildFile; productRef = FA040F392DA5CB0D0000CB98 /* OpenAI */; };
		FA040F582DA616B50000CB98 /* FirebaseStorage in Frameworks */ = {isa = PBXBuildFile; productRef = FA040F572DA616B50000CB98 /* FirebaseStorage */; };
		FA4C83472D9EF8A1000F2512 /* SwiftfulUtilities in Frameworks */ = {isa = PBXBuildFile; productRef = FA4C83462D9EF8A1000F2512 /* SwiftfulUtilities */; };
		FA4C83842DA03B3B000F2512 /* FirebaseAuth in Frameworks */ = {isa = PBXBuildFile; productRef = FA4C83832DA03B3B000F2512 /* FirebaseAuth */; };
		FA8A29072DA0581500F883C5 /* SignInAppleAsync in Frameworks */ = {isa = PBXBuildFile; productRef = FA8A29062DA0581500F883C5 /* SignInAppleAsync */; };
		FAF9D3A22DA593F100A5DC18 /* FirebaseFirestore in Frameworks */ = {isa = PBXBuildFile; productRef = FAF9D3A12DA593F100A5DC18 /* FirebaseFirestore */; };
		FAF9D3A52DA5968800A5DC18 /* SwiftfulFirestore in Frameworks */ = {isa = PBXBuildFile; productRef = FAF9D3A42DA5968800A5DC18 /* SwiftfulFirestore */; };
		FAFA0A4E2D9C5BC8003868E5 /* SDWebImageSwiftUI in Frameworks */ = {isa = PBXBuildFile; productRef = FAFA0A4D2D9C5BC8003868E5 /* SDWebImageSwiftUI */; };
/* End PBXBuildFile section */

/* Begin PBXContainerItemProxy section */
		FAA102A92D96453900A85B3B /* PBXContainerItemProxy */ = {
			isa = PBXContainerItemProxy;
			containerPortal = FAA102902D96453800A85B3B /* Project object */;
			proxyType = 1;
			remoteGlobalIDString = FAA102972D96453800A85B3B;
			remoteInfo = AIChat;
		};
		FAA102B32D96453900A85B3B /* PBXContainerItemProxy */ = {
			isa = PBXContainerItemProxy;
			containerPortal = FAA102902D96453800A85B3B /* Project object */;
			proxyType = 1;
			remoteGlobalIDString = FAA102972D96453800A85B3B;
			remoteInfo = AIChat;
		};
/* End PBXContainerItemProxy section */

/* Begin PBXFileReference section */
		FAA102982D96453800A85B3B /* AIChat.app */ = {isa = PBXFileReference; explicitFileType = wrapper.application; includeInIndex = 0; path = AIChat.app; sourceTree = BUILT_PRODUCTS_DIR; };
		FAA102A82D96453900A85B3B /* AIChatTests.xctest */ = {isa = PBXFileReference; explicitFileType = wrapper.cfbundle; includeInIndex = 0; path = AIChatTests.xctest; sourceTree = BUILT_PRODUCTS_DIR; };
		FAA102B22D96453900A85B3B /* AIChatUITests.xctest */ = {isa = PBXFileReference; explicitFileType = wrapper.cfbundle; includeInIndex = 0; path = AIChatUITests.xctest; sourceTree = BUILT_PRODUCTS_DIR; };
/* End PBXFileReference section */

/* Begin PBXFileSystemSynchronizedRootGroup section */
		FAA1029A2D96453800A85B3B /* AIChat */ = {
			isa = PBXFileSystemSynchronizedRootGroup;
			path = AIChat;
			sourceTree = "<group>";
		};
		FAA102AB2D96453900A85B3B /* AIChatTests */ = {
			isa = PBXFileSystemSynchronizedRootGroup;
			path = AIChatTests;
			sourceTree = "<group>";
		};
		FAA102B52D96453900A85B3B /* AIChatUITests */ = {
			isa = PBXFileSystemSynchronizedRootGroup;
			path = AIChatUITests;
			sourceTree = "<group>";
		};
/* End PBXFileSystemSynchronizedRootGroup section */

/* Begin PBXFrameworksBuildPhase section */
		FAA102952D96453800A85B3B /* Frameworks */ = {
			isa = PBXFrameworksBuildPhase;
			buildActionMask = 2147483647;
			files = (
				FA8A29072DA0581500F883C5 /* SignInAppleAsync in Frameworks */,
				FAFA0A4E2D9C5BC8003868E5 /* SDWebImageSwiftUI in Frameworks */,
				FAF9D3A52DA5968800A5DC18 /* SwiftfulFirestore in Frameworks */,
				FA4C83842DA03B3B000F2512 /* FirebaseAuth in Frameworks */,
				FA040F3A2DA5CB0D0000CB98 /* OpenAI in Frameworks */,
				FA040F582DA616B50000CB98 /* FirebaseStorage in Frameworks */,
				FAF9D3A22DA593F100A5DC18 /* FirebaseFirestore in Frameworks */,
				FA4C83472D9EF8A1000F2512 /* SwiftfulUtilities in Frameworks */,
			);
			runOnlyForDeploymentPostprocessing = 0;
		};
		FAA102A52D96453900A85B3B /* Frameworks */ = {
			isa = PBXFrameworksBuildPhase;
			buildActionMask = 2147483647;
			files = (
			);
			runOnlyForDeploymentPostprocessing = 0;
		};
		FAA102AF2D96453900A85B3B /* Frameworks */ = {
			isa = PBXFrameworksBuildPhase;
			buildActionMask = 2147483647;
			files = (
			);
			runOnlyForDeploymentPostprocessing = 0;
		};
/* End PBXFrameworksBuildPhase section */

/* Begin PBXGroup section */
		FAA1028F2D96453800A85B3B = {
			isa = PBXGroup;
			children = (
				FAA1029A2D96453800A85B3B /* AIChat */,
				FAA102AB2D96453900A85B3B /* AIChatTests */,
				FAA102B52D96453900A85B3B /* AIChatUITests */,
				FAF9D3A02DA593F100A5DC18 /* Frameworks */,
				FAA102992D96453800A85B3B /* Products */,
			);
			sourceTree = "<group>";
		};
		FAA102992D96453800A85B3B /* Products */ = {
			isa = PBXGroup;
			children = (
				FAA102982D96453800A85B3B /* AIChat.app */,
				FAA102A82D96453900A85B3B /* AIChatTests.xctest */,
				FAA102B22D96453900A85B3B /* AIChatUITests.xctest */,
			);
			name = Products;
			sourceTree = "<group>";
		};
		FAF9D3A02DA593F100A5DC18 /* Frameworks */ = {
			isa = PBXGroup;
			children = (
			);
			name = Frameworks;
			sourceTree = "<group>";
		};
/* End PBXGroup section */

/* Begin PBXNativeTarget section */
		FAA102972D96453800A85B3B /* AIChat */ = {
			isa = PBXNativeTarget;
			buildConfigurationList = FAA102BC2D96453900A85B3B /* Build configuration list for PBXNativeTarget "AIChat" */;
			buildPhases = (
				FAA102942D96453800A85B3B /* Sources */,
				FAA102952D96453800A85B3B /* Frameworks */,
				FAA102962D96453800A85B3B /* Resources */,
				FAA102CA2D97131E00A85B3B /* Run Script */,
			);
			buildRules = (
			);
			dependencies = (
			);
			fileSystemSynchronizedGroups = (
				FAA1029A2D96453800A85B3B /* AIChat */,
			);
			name = AIChat;
			packageProductDependencies = (
				FAFA0A4D2D9C5BC8003868E5 /* SDWebImageSwiftUI */,
				FA4C83462D9EF8A1000F2512 /* SwiftfulUtilities */,
				FA4C83832DA03B3B000F2512 /* FirebaseAuth */,
				FA8A29062DA0581500F883C5 /* SignInAppleAsync */,
				FAF9D3A12DA593F100A5DC18 /* FirebaseFirestore */,
				FAF9D3A42DA5968800A5DC18 /* SwiftfulFirestore */,
				FA040F392DA5CB0D0000CB98 /* OpenAI */,
				FA040F572DA616B50000CB98 /* FirebaseStorage */,
			);
			productName = AIChat;
			productReference = FAA102982D96453800A85B3B /* AIChat.app */;
			productType = "com.apple.product-type.application";
		};
		FAA102A72D96453900A85B3B /* AIChatTests */ = {
			isa = PBXNativeTarget;
			buildConfigurationList = FAA102BF2D96453900A85B3B /* Build configuration list for PBXNativeTarget "AIChatTests" */;
			buildPhases = (
				FAA102A42D96453900A85B3B /* Sources */,
				FAA102A52D96453900A85B3B /* Frameworks */,
				FAA102A62D96453900A85B3B /* Resources */,
			);
			buildRules = (
			);
			dependencies = (
				FAA102AA2D96453900A85B3B /* PBXTargetDependency */,
			);
			fileSystemSynchronizedGroups = (
				FAA102AB2D96453900A85B3B /* AIChatTests */,
			);
			name = AIChatTests;
			packageProductDependencies = (
			);
			productName = AIChatTests;
			productReference = FAA102A82D96453900A85B3B /* AIChatTests.xctest */;
			productType = "com.apple.product-type.bundle.unit-test";
		};
		FAA102B12D96453900A85B3B /* AIChatUITests */ = {
			isa = PBXNativeTarget;
			buildConfigurationList = FAA102C22D96453900A85B3B /* Build configuration list for PBXNativeTarget "AIChatUITests" */;
			buildPhases = (
				FAA102AE2D96453900A85B3B /* Sources */,
				FAA102AF2D96453900A85B3B /* Frameworks */,
				FAA102B02D96453900A85B3B /* Resources */,
			);
			buildRules = (
			);
			dependencies = (
				FAA102B42D96453900A85B3B /* PBXTargetDependency */,
			);
			fileSystemSynchronizedGroups = (
				FAA102B52D96453900A85B3B /* AIChatUITests */,
			);
			name = AIChatUITests;
			packageProductDependencies = (
			);
			productName = AIChatUITests;
			productReference = FAA102B22D96453900A85B3B /* AIChatUITests.xctest */;
			productType = "com.apple.product-type.bundle.ui-testing";
		};
/* End PBXNativeTarget section */

/* Begin PBXProject section */
		FAA102902D96453800A85B3B /* Project object */ = {
			isa = PBXProject;
			attributes = {
				BuildIndependentTargetsInParallel = 1;
				LastSwiftUpdateCheck = 1620;
				LastUpgradeCheck = 1620;
				TargetAttributes = {
					FAA102972D96453800A85B3B = {
						CreatedOnToolsVersion = 16.2;
					};
					FAA102A72D96453900A85B3B = {
						CreatedOnToolsVersion = 16.2;
						TestTargetID = FAA102972D96453800A85B3B;
					};
					FAA102B12D96453900A85B3B = {
						CreatedOnToolsVersion = 16.2;
						TestTargetID = FAA102972D96453800A85B3B;
					};
				};
			};
			buildConfigurationList = FAA102932D96453800A85B3B /* Build configuration list for PBXProject "AIChat" */;
			developmentRegion = en;
			hasScannedForEncodings = 0;
			knownRegions = (
				en,
				Base,
			);
			mainGroup = FAA1028F2D96453800A85B3B;
			minimizedProjectReferenceProxies = 1;
			packageReferences = (
				FAFA0A4C2D9C5BC8003868E5 /* XCRemoteSwiftPackageReference "SDWebImageSwiftUI" */,
				FA4C83452D9EF8A1000F2512 /* XCRemoteSwiftPackageReference "SwiftfulUtilities" */,
				FA4C83822DA03B3B000F2512 /* XCRemoteSwiftPackageReference "firebase-ios-sdk" */,
				FA8A29052DA0581500F883C5 /* XCRemoteSwiftPackageReference "SignInAppleAsync" */,
				FAF9D3A32DA5968800A5DC18 /* XCRemoteSwiftPackageReference "SwiftfulFirestore" */,
				FA040F382DA5CB0D0000CB98 /* XCRemoteSwiftPackageReference "OpenAI" */,
			);
			preferredProjectObjectVersion = 77;
			productRefGroup = FAA102992D96453800A85B3B /* Products */;
			projectDirPath = "";
			projectRoot = "";
			targets = (
				FAA102972D96453800A85B3B /* AIChat */,
				FAA102A72D96453900A85B3B /* AIChatTests */,
				FAA102B12D96453900A85B3B /* AIChatUITests */,
			);
		};
/* End PBXProject section */

/* Begin PBXResourcesBuildPhase section */
		FAA102962D96453800A85B3B /* Resources */ = {
			isa = PBXResourcesBuildPhase;
			buildActionMask = 2147483647;
			files = (
			);
			runOnlyForDeploymentPostprocessing = 0;
		};
		FAA102A62D96453900A85B3B /* Resources */ = {
			isa = PBXResourcesBuildPhase;
			buildActionMask = 2147483647;
			files = (
			);
			runOnlyForDeploymentPostprocessing = 0;
		};
		FAA102B02D96453900A85B3B /* Resources */ = {
			isa = PBXResourcesBuildPhase;
			buildActionMask = 2147483647;
			files = (
			);
			runOnlyForDeploymentPostprocessing = 0;
		};
/* End PBXResourcesBuildPhase section */

/* Begin PBXShellScriptBuildPhase section */
		FAA102CA2D97131E00A85B3B /* Run Script */ = {
			isa = PBXShellScriptBuildPhase;
			alwaysOutOfDate = 1;
			buildActionMask = 2147483647;
			files = (
			);
			inputFileListPaths = (
			);
			inputPaths = (
			);
			name = "Run Script";
			outputFileListPaths = (
			);
			outputPaths = (
			);
			runOnlyForDeploymentPostprocessing = 0;
			shellPath = /bin/sh;
			shellScript = "if [[ -z \"$CI\" ]]; then\n    if [[ \"$(uname -m)\" == arm64 ]]; then\n        export PATH=\"/opt/homebrew/bin:$PATH\"\n    fi\n\n    # Check if running in a SwiftUI preview\n    if [ \"$XCODE_RUNNING_FOR_PREVIEWS\" != \"1\" ]; then\n        if which swiftlint > /dev/null; then\n            swiftlint # Uncomment if you want to auto-fix: swiftlint --fix &&\n        else\n            echo \"warning: SwiftLint not installed, download from https://github.com/realm/SwiftLint\"\n        fi\n    fi\nelse \n    # Running Xcode Cloud\n    echo \"Running in Xcode Cloud. Skipping SwiftLint.\"\nfi\n";
			showEnvVarsInLog = 0;
		};
/* End PBXShellScriptBuildPhase section */

/* Begin PBXSourcesBuildPhase section */
		FAA102942D96453800A85B3B /* Sources */ = {
			isa = PBXSourcesBuildPhase;
			buildActionMask = 2147483647;
			files = (
			);
			runOnlyForDeploymentPostprocessing = 0;
		};
		FAA102A42D96453900A85B3B /* Sources */ = {
			isa = PBXSourcesBuildPhase;
			buildActionMask = 2147483647;
			files = (
			);
			runOnlyForDeploymentPostprocessing = 0;
		};
		FAA102AE2D96453900A85B3B /* Sources */ = {
			isa = PBXSourcesBuildPhase;
			buildActionMask = 2147483647;
			files = (
			);
			runOnlyForDeploymentPostprocessing = 0;
		};
/* End PBXSourcesBuildPhase section */

/* Begin PBXTargetDependency section */
		FAA102AA2D96453900A85B3B /* PBXTargetDependency */ = {
			isa = PBXTargetDependency;
			target = FAA102972D96453800A85B3B /* AIChat */;
			targetProxy = FAA102A92D96453900A85B3B /* PBXContainerItemProxy */;
		};
		FAA102B42D96453900A85B3B /* PBXTargetDependency */ = {
			isa = PBXTargetDependency;
			target = FAA102972D96453800A85B3B /* AIChat */;
			targetProxy = FAA102B32D96453900A85B3B /* PBXContainerItemProxy */;
		};
/* End PBXTargetDependency section */

/* Begin XCBuildConfiguration section */
		FAA102BA2D96453900A85B3B /* Debug */ = {
			isa = XCBuildConfiguration;
			buildSettings = {
				ALWAYS_SEARCH_USER_PATHS = NO;
				ASSETCATALOG_COMPILER_GENERATE_SWIFT_ASSET_SYMBOL_EXTENSIONS = YES;
				CLANG_ANALYZER_NONNULL = YES;
				CLANG_ANALYZER_NUMBER_OBJECT_CONVERSION = YES_AGGRESSIVE;
				CLANG_CXX_LANGUAGE_STANDARD = "gnu++20";
				CLANG_ENABLE_MODULES = YES;
				CLANG_ENABLE_OBJC_ARC = YES;
				CLANG_ENABLE_OBJC_WEAK = YES;
				CLANG_WARN_BLOCK_CAPTURE_AUTORELEASING = YES;
				CLANG_WARN_BOOL_CONVERSION = YES;
				CLANG_WARN_COMMA = YES;
				CLANG_WARN_CONSTANT_CONVERSION = YES;
				CLANG_WARN_DEPRECATED_OBJC_IMPLEMENTATIONS = YES;
				CLANG_WARN_DIRECT_OBJC_ISA_USAGE = YES_ERROR;
				CLANG_WARN_DOCUMENTATION_COMMENTS = YES;
				CLANG_WARN_EMPTY_BODY = YES;
				CLANG_WARN_ENUM_CONVERSION = YES;
				CLANG_WARN_INFINITE_RECURSION = YES;
				CLANG_WARN_INT_CONVERSION = YES;
				CLANG_WARN_NON_LITERAL_NULL_CONVERSION = YES;
				CLANG_WARN_OBJC_IMPLICIT_RETAIN_SELF = YES;
				CLANG_WARN_OBJC_LITERAL_CONVERSION = YES;
				CLANG_WARN_OBJC_ROOT_CLASS = YES_ERROR;
				CLANG_WARN_QUOTED_INCLUDE_IN_FRAMEWORK_HEADER = YES;
				CLANG_WARN_RANGE_LOOP_ANALYSIS = YES;
				CLANG_WARN_STRICT_PROTOTYPES = YES;
				CLANG_WARN_SUSPICIOUS_MOVE = YES;
				CLANG_WARN_UNGUARDED_AVAILABILITY = YES_AGGRESSIVE;
				CLANG_WARN_UNREACHABLE_CODE = YES;
				CLANG_WARN__DUPLICATE_METHOD_MATCH = YES;
				COPY_PHASE_STRIP = NO;
				DEBUG_INFORMATION_FORMAT = dwarf;
				ENABLE_STRICT_OBJC_MSGSEND = YES;
				ENABLE_TESTABILITY = YES;
				ENABLE_USER_SCRIPT_SANDBOXING = YES;
				GCC_C_LANGUAGE_STANDARD = gnu17;
				GCC_DYNAMIC_NO_PIC = NO;
				GCC_NO_COMMON_BLOCKS = YES;
				GCC_OPTIMIZATION_LEVEL = 0;
				GCC_PREPROCESSOR_DEFINITIONS = (
					"DEBUG=1",
					"$(inherited)",
				);
				GCC_WARN_64_TO_32_BIT_CONVERSION = YES;
				GCC_WARN_ABOUT_RETURN_TYPE = YES_ERROR;
				GCC_WARN_UNDECLARED_SELECTOR = YES;
				GCC_WARN_UNINITIALIZED_AUTOS = YES_AGGRESSIVE;
				GCC_WARN_UNUSED_FUNCTION = YES;
				GCC_WARN_UNUSED_VARIABLE = YES;
				IPHONEOS_DEPLOYMENT_TARGET = 18.2;
				LOCALIZATION_PREFERS_STRING_CATALOGS = YES;
				MTL_ENABLE_DEBUG_INFO = INCLUDE_SOURCE;
				MTL_FAST_MATH = YES;
				ONLY_ACTIVE_ARCH = YES;
				SDKROOT = iphoneos;
				SWIFT_ACTIVE_COMPILATION_CONDITIONS = "DEBUG $(inherited)";
				SWIFT_OPTIMIZATION_LEVEL = "-Onone";
			};
			name = Debug;
		};
		FAA102BB2D96453900A85B3B /* Release */ = {
			isa = XCBuildConfiguration;
			buildSettings = {
				ALWAYS_SEARCH_USER_PATHS = NO;
				ASSETCATALOG_COMPILER_GENERATE_SWIFT_ASSET_SYMBOL_EXTENSIONS = YES;
				CLANG_ANALYZER_NONNULL = YES;
				CLANG_ANALYZER_NUMBER_OBJECT_CONVERSION = YES_AGGRESSIVE;
				CLANG_CXX_LANGUAGE_STANDARD = "gnu++20";
				CLANG_ENABLE_MODULES = YES;
				CLANG_ENABLE_OBJC_ARC = YES;
				CLANG_ENABLE_OBJC_WEAK = YES;
				CLANG_WARN_BLOCK_CAPTURE_AUTORELEASING = YES;
				CLANG_WARN_BOOL_CONVERSION = YES;
				CLANG_WARN_COMMA = YES;
				CLANG_WARN_CONSTANT_CONVERSION = YES;
				CLANG_WARN_DEPRECATED_OBJC_IMPLEMENTATIONS = YES;
				CLANG_WARN_DIRECT_OBJC_ISA_USAGE = YES_ERROR;
				CLANG_WARN_DOCUMENTATION_COMMENTS = YES;
				CLANG_WARN_EMPTY_BODY = YES;
				CLANG_WARN_ENUM_CONVERSION = YES;
				CLANG_WARN_INFINITE_RECURSION = YES;
				CLANG_WARN_INT_CONVERSION = YES;
				CLANG_WARN_NON_LITERAL_NULL_CONVERSION = YES;
				CLANG_WARN_OBJC_IMPLICIT_RETAIN_SELF = YES;
				CLANG_WARN_OBJC_LITERAL_CONVERSION = YES;
				CLANG_WARN_OBJC_ROOT_CLASS = YES_ERROR;
				CLANG_WARN_QUOTED_INCLUDE_IN_FRAMEWORK_HEADER = YES;
				CLANG_WARN_RANGE_LOOP_ANALYSIS = YES;
				CLANG_WARN_STRICT_PROTOTYPES = YES;
				CLANG_WARN_SUSPICIOUS_MOVE = YES;
				CLANG_WARN_UNGUARDED_AVAILABILITY = YES_AGGRESSIVE;
				CLANG_WARN_UNREACHABLE_CODE = YES;
				CLANG_WARN__DUPLICATE_METHOD_MATCH = YES;
				COPY_PHASE_STRIP = NO;
				DEBUG_INFORMATION_FORMAT = "dwarf-with-dsym";
				ENABLE_NS_ASSERTIONS = NO;
				ENABLE_STRICT_OBJC_MSGSEND = YES;
				ENABLE_USER_SCRIPT_SANDBOXING = YES;
				GCC_C_LANGUAGE_STANDARD = gnu17;
				GCC_NO_COMMON_BLOCKS = YES;
				GCC_WARN_64_TO_32_BIT_CONVERSION = YES;
				GCC_WARN_ABOUT_RETURN_TYPE = YES_ERROR;
				GCC_WARN_UNDECLARED_SELECTOR = YES;
				GCC_WARN_UNINITIALIZED_AUTOS = YES_AGGRESSIVE;
				GCC_WARN_UNUSED_FUNCTION = YES;
				GCC_WARN_UNUSED_VARIABLE = YES;
				IPHONEOS_DEPLOYMENT_TARGET = 18.2;
				LOCALIZATION_PREFERS_STRING_CATALOGS = YES;
				MTL_ENABLE_DEBUG_INFO = NO;
				MTL_FAST_MATH = YES;
				SDKROOT = iphoneos;
				SWIFT_COMPILATION_MODE = wholemodule;
				VALIDATE_PRODUCT = YES;
			};
			name = Release;
		};
		FAA102BD2D96453900A85B3B /* Debug */ = {
			isa = XCBuildConfiguration;
			buildSettings = {
				ASSETCATALOG_COMPILER_APPICON_NAME = AppIcon;
				ASSETCATALOG_COMPILER_GLOBAL_ACCENT_COLOR_NAME = AccentColor;
				CODE_SIGN_ENTITLEMENTS = AIChat/AIChat.entitlements;
				CODE_SIGN_STYLE = Automatic;
				CURRENT_PROJECT_VERSION = 1;
				DEVELOPMENT_ASSET_PATHS = "\"AIChat/Preview Content\"";
				DEVELOPMENT_TEAM = PM22P3F9UZ;
				ENABLE_PREVIEWS = YES;
				ENABLE_USER_SCRIPT_SANDBOXING = NO;
				GENERATE_INFOPLIST_FILE = YES;
				INFOPLIST_KEY_CFBundleDisplayName = "AI Chat";
				INFOPLIST_KEY_UIApplicationSceneManifest_Generation = YES;
				INFOPLIST_KEY_UIApplicationSupportsIndirectInputEvents = YES;
				INFOPLIST_KEY_UILaunchScreen_Generation = YES;
				INFOPLIST_KEY_UILaunchStoryboardName = LaunchScreen;
				INFOPLIST_KEY_UISupportedInterfaceOrientations_iPad = "UIInterfaceOrientationPortrait UIInterfaceOrientationPortraitUpsideDown UIInterfaceOrientationLandscapeLeft UIInterfaceOrientationLandscapeRight";
				INFOPLIST_KEY_UISupportedInterfaceOrientations_iPhone = "UIInterfaceOrientationPortrait UIInterfaceOrientationLandscapeLeft UIInterfaceOrientationLandscapeRight";
				IPHONEOS_DEPLOYMENT_TARGET = 17.0;
				LD_RUNPATH_SEARCH_PATHS = (
					"$(inherited)",
					"@executable_path/Frameworks",
				);
				MARKETING_VERSION = 1.0;
				PRODUCT_BUNDLE_IDENTIFIER = com.ricardogarza.AIChat;
				PRODUCT_NAME = "$(TARGET_NAME)";
				SUPPORTED_PLATFORMS = "iphoneos iphonesimulator";
				SUPPORTS_MACCATALYST = YES;
				SUPPORTS_MAC_DESIGNED_FOR_IPHONE_IPAD = NO;
				SUPPORTS_XR_DESIGNED_FOR_IPHONE_IPAD = NO;
				SWIFT_EMIT_LOC_STRINGS = YES;
				SWIFT_VERSION = 6.0;
				TARGETED_DEVICE_FAMILY = "1,2";
			};
			name = Debug;
		};
		FAA102BE2D96453900A85B3B /* Release */ = {
			isa = XCBuildConfiguration;
			buildSettings = {
				ASSETCATALOG_COMPILER_APPICON_NAME = AppIcon;
				ASSETCATALOG_COMPILER_GLOBAL_ACCENT_COLOR_NAME = AccentColor;
				CODE_SIGN_ENTITLEMENTS = AIChat/AIChat.entitlements;
				CODE_SIGN_STYLE = Automatic;
				CURRENT_PROJECT_VERSION = 1;
				DEVELOPMENT_ASSET_PATHS = "\"AIChat/Preview Content\"";
				DEVELOPMENT_TEAM = PM22P3F9UZ;
				ENABLE_PREVIEWS = YES;
				ENABLE_USER_SCRIPT_SANDBOXING = NO;
				GENERATE_INFOPLIST_FILE = YES;
				INFOPLIST_KEY_CFBundleDisplayName = "AI Chat";
				INFOPLIST_KEY_UIApplicationSceneManifest_Generation = YES;
				INFOPLIST_KEY_UIApplicationSupportsIndirectInputEvents = YES;
				INFOPLIST_KEY_UILaunchScreen_Generation = YES;
				INFOPLIST_KEY_UILaunchStoryboardName = LaunchScreen;
				INFOPLIST_KEY_UISupportedInterfaceOrientations_iPad = "UIInterfaceOrientationPortrait UIInterfaceOrientationPortraitUpsideDown UIInterfaceOrientationLandscapeLeft UIInterfaceOrientationLandscapeRight";
				INFOPLIST_KEY_UISupportedInterfaceOrientations_iPhone = "UIInterfaceOrientationPortrait UIInterfaceOrientationLandscapeLeft UIInterfaceOrientationLandscapeRight";
				IPHONEOS_DEPLOYMENT_TARGET = 17.0;
				LD_RUNPATH_SEARCH_PATHS = (
					"$(inherited)",
					"@executable_path/Frameworks",
				);
				MARKETING_VERSION = 1.0;
				PRODUCT_BUNDLE_IDENTIFIER = com.ricardogarza.AIChat;
				PRODUCT_NAME = "$(TARGET_NAME)";
				SUPPORTED_PLATFORMS = "iphoneos iphonesimulator";
				SUPPORTS_MACCATALYST = YES;
				SUPPORTS_MAC_DESIGNED_FOR_IPHONE_IPAD = NO;
				SUPPORTS_XR_DESIGNED_FOR_IPHONE_IPAD = NO;
				SWIFT_EMIT_LOC_STRINGS = YES;
				SWIFT_VERSION = 6.0;
				TARGETED_DEVICE_FAMILY = "1,2";
			};
			name = Release;
		};
		FAA102C02D96453900A85B3B /* Debug */ = {
			isa = XCBuildConfiguration;
			buildSettings = {
				BUNDLE_LOADER = "$(TEST_HOST)";
				CODE_SIGN_STYLE = Automatic;
				CURRENT_PROJECT_VERSION = 1;
				DEVELOPMENT_TEAM = PM22P3F9UZ;
				GENERATE_INFOPLIST_FILE = YES;
				IPHONEOS_DEPLOYMENT_TARGET = 18.2;
				MARKETING_VERSION = 1.0;
				PRODUCT_BUNDLE_IDENTIFIER = com.ricardogarza.AIChatTests;
				PRODUCT_NAME = "$(TARGET_NAME)";
				SWIFT_EMIT_LOC_STRINGS = NO;
				SWIFT_VERSION = 5.0;
				TARGETED_DEVICE_FAMILY = "1,2";
				TEST_HOST = "$(BUILT_PRODUCTS_DIR)/AIChat.app/$(BUNDLE_EXECUTABLE_FOLDER_PATH)/AIChat";
			};
			name = Debug;
		};
		FAA102C12D96453900A85B3B /* Release */ = {
			isa = XCBuildConfiguration;
			buildSettings = {
				BUNDLE_LOADER = "$(TEST_HOST)";
				CODE_SIGN_STYLE = Automatic;
				CURRENT_PROJECT_VERSION = 1;
				DEVELOPMENT_TEAM = PM22P3F9UZ;
				GENERATE_INFOPLIST_FILE = YES;
				IPHONEOS_DEPLOYMENT_TARGET = 18.2;
				MARKETING_VERSION = 1.0;
				PRODUCT_BUNDLE_IDENTIFIER = com.ricardogarza.AIChatTests;
				PRODUCT_NAME = "$(TARGET_NAME)";
				SWIFT_EMIT_LOC_STRINGS = NO;
				SWIFT_VERSION = 5.0;
				TARGETED_DEVICE_FAMILY = "1,2";
				TEST_HOST = "$(BUILT_PRODUCTS_DIR)/AIChat.app/$(BUNDLE_EXECUTABLE_FOLDER_PATH)/AIChat";
			};
			name = Release;
		};
		FAA102C32D96453900A85B3B /* Debug */ = {
			isa = XCBuildConfiguration;
			buildSettings = {
				CODE_SIGN_STYLE = Automatic;
				CURRENT_PROJECT_VERSION = 1;
				DEVELOPMENT_TEAM = PM22P3F9UZ;
				GENERATE_INFOPLIST_FILE = YES;
				MARKETING_VERSION = 1.0;
				PRODUCT_BUNDLE_IDENTIFIER = com.ricardogarza.AIChatUITests;
				PRODUCT_NAME = "$(TARGET_NAME)";
				SWIFT_EMIT_LOC_STRINGS = NO;
				SWIFT_VERSION = 5.0;
				TARGETED_DEVICE_FAMILY = "1,2";
				TEST_TARGET_NAME = AIChat;
			};
			name = Debug;
		};
		FAA102C42D96453900A85B3B /* Release */ = {
			isa = XCBuildConfiguration;
			buildSettings = {
				CODE_SIGN_STYLE = Automatic;
				CURRENT_PROJECT_VERSION = 1;
				DEVELOPMENT_TEAM = PM22P3F9UZ;
				GENERATE_INFOPLIST_FILE = YES;
				MARKETING_VERSION = 1.0;
				PRODUCT_BUNDLE_IDENTIFIER = com.ricardogarza.AIChatUITests;
				PRODUCT_NAME = "$(TARGET_NAME)";
				SWIFT_EMIT_LOC_STRINGS = NO;
				SWIFT_VERSION = 5.0;
				TARGETED_DEVICE_FAMILY = "1,2";
				TEST_TARGET_NAME = AIChat;
			};
			name = Release;
		};
/* End XCBuildConfiguration section */

/* Begin XCConfigurationList section */
		FAA102932D96453800A85B3B /* Build configuration list for PBXProject "AIChat" */ = {
			isa = XCConfigurationList;
			buildConfigurations = (
				FAA102BA2D96453900A85B3B /* Debug */,
				FAA102BB2D96453900A85B3B /* Release */,
			);
			defaultConfigurationIsVisible = 0;
			defaultConfigurationName = Release;
		};
		FAA102BC2D96453900A85B3B /* Build configuration list for PBXNativeTarget "AIChat" */ = {
			isa = XCConfigurationList;
			buildConfigurations = (
				FAA102BD2D96453900A85B3B /* Debug */,
				FAA102BE2D96453900A85B3B /* Release */,
			);
			defaultConfigurationIsVisible = 0;
			defaultConfigurationName = Release;
		};
		FAA102BF2D96453900A85B3B /* Build configuration list for PBXNativeTarget "AIChatTests" */ = {
			isa = XCConfigurationList;
			buildConfigurations = (
				FAA102C02D96453900A85B3B /* Debug */,
				FAA102C12D96453900A85B3B /* Release */,
			);
			defaultConfigurationIsVisible = 0;
			defaultConfigurationName = Release;
		};
		FAA102C22D96453900A85B3B /* Build configuration list for PBXNativeTarget "AIChatUITests" */ = {
			isa = XCConfigurationList;
			buildConfigurations = (
				FAA102C32D96453900A85B3B /* Debug */,
				FAA102C42D96453900A85B3B /* Release */,
			);
			defaultConfigurationIsVisible = 0;
			defaultConfigurationName = Release;
		};
/* End XCConfigurationList section */

/* Begin XCRemoteSwiftPackageReference section */
		FA040F382DA5CB0D0000CB98 /* XCRemoteSwiftPackageReference "OpenAI" */ = {
			isa = XCRemoteSwiftPackageReference;
			repositoryURL = "https://github.com/MacPaw/OpenAI.git";
			requirement = {
				kind = exactVersion;
				version = 0.3.0;
			};
		};
		FA4C83452D9EF8A1000F2512 /* XCRemoteSwiftPackageReference "SwiftfulUtilities" */ = {
			isa = XCRemoteSwiftPackageReference;
			repositoryURL = "https://github.com/SwiftfulThinking/SwiftfulUtilities.git";
			requirement = {
				kind = upToNextMajorVersion;
				minimumVersion = 1.0.0;
			};
		};
		FA4C83822DA03B3B000F2512 /* XCRemoteSwiftPackageReference "firebase-ios-sdk" */ = {
			isa = XCRemoteSwiftPackageReference;
			repositoryURL = "https://github.com/firebase/firebase-ios-sdk.git";
			requirement = {
				kind = exactVersion;
				version = 11.3.0;
			};
		};
		FA8A29052DA0581500F883C5 /* XCRemoteSwiftPackageReference "SignInAppleAsync" */ = {
			isa = XCRemoteSwiftPackageReference;
			repositoryURL = "https://github.com/SwiftfulThinking/SignInAppleAsync.git";
			requirement = {
				kind = upToNextMajorVersion;
				minimumVersion = 1.0.0;
			};
		};
		FAF9D3A32DA5968800A5DC18 /* XCRemoteSwiftPackageReference "SwiftfulFirestore" */ = {
			isa = XCRemoteSwiftPackageReference;
			repositoryURL = "https://github.com/SwiftfulThinking/SwiftfulFirestore.git";
			requirement = {
				kind = exactVersion;
				version = 11.0.1;
			};
		};
		FAFA0A4C2D9C5BC8003868E5 /* XCRemoteSwiftPackageReference "SDWebImageSwiftUI" */ = {
			isa = XCRemoteSwiftPackageReference;
			repositoryURL = "https://github.com/SDWebImage/SDWebImageSwiftUI.git";
			requirement = {
				kind = exactVersion;
				version = 3.1.2;
			};
		};
/* End XCRemoteSwiftPackageReference section */

/* Begin XCSwiftPackageProductDependency section */
		FA040F392DA5CB0D0000CB98 /* OpenAI */ = {
			isa = XCSwiftPackageProductDependency;
			package = FA040F382DA5CB0D0000CB98 /* XCRemoteSwiftPackageReference "OpenAI" */;
			productName = OpenAI;
		};
		FA040F572DA616B50000CB98 /* FirebaseStorage */ = {
			isa = XCSwiftPackageProductDependency;
			package = FA4C83822DA03B3B000F2512 /* XCRemoteSwiftPackageReference "firebase-ios-sdk" */;
			productName = FirebaseStorage;
		};
		FA4C83462D9EF8A1000F2512 /* SwiftfulUtilities */ = {
			isa = XCSwiftPackageProductDependency;
			package = FA4C83452D9EF8A1000F2512 /* XCRemoteSwiftPackageReference "SwiftfulUtilities" */;
			productName = SwiftfulUtilities;
		};
		FA4C83832DA03B3B000F2512 /* FirebaseAuth */ = {
			isa = XCSwiftPackageProductDependency;
			package = FA4C83822DA03B3B000F2512 /* XCRemoteSwiftPackageReference "firebase-ios-sdk" */;
			productName = FirebaseAuth;
		};
		FA8A29062DA0581500F883C5 /* SignInAppleAsync */ = {
			isa = XCSwiftPackageProductDependency;
			package = FA8A29052DA0581500F883C5 /* XCRemoteSwiftPackageReference "SignInAppleAsync" */;
			productName = SignInAppleAsync;
		};
		FAF9D3A12DA593F100A5DC18 /* FirebaseFirestore */ = {
			isa = XCSwiftPackageProductDependency;
			package = FA4C83822DA03B3B000F2512 /* XCRemoteSwiftPackageReference "firebase-ios-sdk" */;
			productName = FirebaseFirestore;
		};
		FAF9D3A42DA5968800A5DC18 /* SwiftfulFirestore */ = {
			isa = XCSwiftPackageProductDependency;
			package = FAF9D3A32DA5968800A5DC18 /* XCRemoteSwiftPackageReference "SwiftfulFirestore" */;
			productName = SwiftfulFirestore;
		};
		FAFA0A4D2D9C5BC8003868E5 /* SDWebImageSwiftUI */ = {
			isa = XCSwiftPackageProductDependency;
			package = FAFA0A4C2D9C5BC8003868E5 /* XCRemoteSwiftPackageReference "SDWebImageSwiftUI" */;
			productName = SDWebImageSwiftUI;
		};
/* End XCSwiftPackageProductDependency section */
	};
	rootObject = FAA102902D96453800A85B3B /* Project object */;
}
